
Microsoft Visual Studio Solution File, Format Version 12.00
# Visual Studio Version 17
VisualStudioVersion = 17.9.34728.123
MinimumVisualStudioVersion = 10.0.40219.1
Project("{FAE04EC0-301F-11D3-BF4B-00C04F79EFBC}") = "Ex 7", "Ex 7\Ex 7.csproj", "{BBE3D40C-B402-47B9-943C-C93854583CF2}"
EndProject
Global
	GlobalSection(SolutionConfigurationPlatforms) = preSolution
		Debug|Any CPU = Debug|Any CPU
		Release|Any CPU = Release|Any CPU
	EndGlobalSection
	GlobalSection(ProjectConfigurationPlatforms) = postSolution
		{BBE3D40C-B402-47B9-943C-C93854583CF2}.Debug|Any CPU.ActiveCfg = Debug|Any CPU
		{BBE3D40C-B402-47B9-943C-C93854583CF2}.Debug|Any CPU.Build.0 = Debug|Any CPU
		{BBE3D40C-B402-47B9-943C-C93854583CF2}.Release|Any CPU.ActiveCfg = Release|Any CPU
		{BBE3D40C-B402-47B9-943C-C93854583CF2}.Release|Any CPU.Build.0 = Release|Any CPU
	EndGlobalSection
	GlobalSection(SolutionProperties) = preSolution
		HideSolutionNode = FALSE
	EndGlobalSection
	GlobalSection(ExtensibilityGlobals) = postSolution
		SolutionGuid = {32723E4F-9414-47FF-BE7A-EC3FB11EAA89}
	EndGlobalSection
EndGlobal
