
Microsoft Visual Studio Solution File, Format Version 12.00
# Visual Studio Version 17
VisualStudioVersion = 17.9.34728.123
MinimumVisualStudioVersion = 10.0.40219.1
Project("{FAE04EC0-301F-11D3-BF4B-00C04F79EFBC}") = "Ex 6 Herança", "Ex 6 Herança\Ex 6 Herança.csproj", "{2D84BB04-F88E-4FA7-9211-242B71FCB561}"
EndProject
Global
	GlobalSection(SolutionConfigurationPlatforms) = preSolution
		Debug|Any CPU = Debug|Any CPU
		Release|Any CPU = Release|Any CPU
	EndGlobalSection
	GlobalSection(ProjectConfigurationPlatforms) = postSolution
		{2D84BB04-F88E-4FA7-9211-242B71FCB561}.Debug|Any CPU.ActiveCfg = Debug|Any CPU
		{2D84BB04-F88E-4FA7-9211-242B71FCB561}.Debug|Any CPU.Build.0 = Debug|Any CPU
		{2D84BB04-F88E-4FA7-9211-242B71FCB561}.Release|Any CPU.ActiveCfg = Release|Any CPU
		{2D84BB04-F88E-4FA7-9211-242B71FCB561}.Release|Any CPU.Build.0 = Release|Any CPU
	EndGlobalSection
	GlobalSection(SolutionProperties) = preSolution
		HideSolutionNode = FALSE
	EndGlobalSection
	GlobalSection(ExtensibilityGlobals) = postSolution
		SolutionGuid = {09ACA458-D2CC-4D1B-B98F-813100C39727}
	EndGlobalSection
EndGlobal
