
Microsoft Visual Studio Solution File, Format Version 12.00
# Visual Studio Version 17
VisualStudioVersion = 17.9.34728.123
MinimumVisualStudioVersion = 10.0.40219.1
Project("{FAE04EC0-301F-11D3-BF4B-00C04F79EFBC}") = "Exercicio 5 Herança", "Exercicio 5 Herança\Exercicio 5 Herança.csproj", "{B0586984-3B79-4220-A68D-887F46C69CDF}"
EndProject
Global
	GlobalSection(SolutionConfigurationPlatforms) = preSolution
		Debug|Any CPU = Debug|Any CPU
		Release|Any CPU = Release|Any CPU
	EndGlobalSection
	GlobalSection(ProjectConfigurationPlatforms) = postSolution
		{B0586984-3B79-4220-A68D-887F46C69CDF}.Debug|Any CPU.ActiveCfg = Debug|Any CPU
		{B0586984-3B79-4220-A68D-887F46C69CDF}.Debug|Any CPU.Build.0 = Debug|Any CPU
		{B0586984-3B79-4220-A68D-887F46C69CDF}.Release|Any CPU.ActiveCfg = Release|Any CPU
		{B0586984-3B79-4220-A68D-887F46C69CDF}.Release|Any CPU.Build.0 = Release|Any CPU
	EndGlobalSection
	GlobalSection(SolutionProperties) = preSolution
		HideSolutionNode = FALSE
	EndGlobalSection
	GlobalSection(ExtensibilityGlobals) = postSolution
		SolutionGuid = {DB4A850B-68FB-43EC-910D-1B75669EFB1B}
	EndGlobalSection
EndGlobal
